// !$*UTF8*$!
{
	archiveVersion = 1;
	classes = {
	};
	objectVersion = 77;
	objects = {

/* Begin PBXBuildFile section */
		D5CAE4C62FE925CB005FE5D3 /* RealityKitContent in Frameworks */ = {isa = PBXBuildFile; productRef = D5CAE4C52FE925CB005FE5D3 /* RealityKitContent */; };
		D5CAE4E92FE927BD005FE5D3 /* ILSDesignSystem in Frameworks */ = {isa = PBXBuildFile; productRef = D5CAE4E82FE927BD005FE5D3 /* ILSDesignSystem */; };
		D5CAE4EB2FE927BD005FE5D3 /* ILSEngine in Frameworks */ = {isa = PBXBuildFile; productRef = D5CAE4EA2FE927BD005FE5D3 /* ILSEngine */; };
		D5CAE4ED2FE927BD005FE5D3 /* ILSFoundation in Frameworks */ = {isa = PBXBuildFile; productRef = D5CAE4EC2FE927BD005FE5D3 /* ILSFoundation */; };
		D5CAE4EF2FE927BD005FE5D3 /* ILSHandTracking in Frameworks */ = {isa = PBXBuildFile; productRef = D5CAE4EE2FE927BD005FE5D3 /* ILSHandTracking */; };
		D5CAE4F12FE927BD005FE5D3 /* ILSRealityAssets in Frameworks */ = {isa = PBXBuildFile; productRef = D5CAE4F02FE927BD005FE5D3 /* ILSRealityAssets */; };
		D5CAE4F32FE927BD005FE5D3 /* ILSSpatialAudio in Frameworks */ = {isa = PBXBuildFile; productRef = D5CAE4F22FE927BD005FE5D3 /* ILSSpatialAudio */; };
		D5CAE4F52FE927BD005FE5D3 /* ILSSpatialDraw in Frameworks */ = {isa = PBXBuildFile; productRef = D5CAE4F42FE927BD005FE5D3 /* ILSSpatialDraw */; };
/* End PBXBuildFile section */

/* Begin PBXContainerItemProxy section */
		D5CAE4D52FE925CD005FE5D3 /* PBXContainerItemProxy */ = {
			isa = PBXContainerItemProxy;
			containerPortal = D5CAE4B82FE925CB005FE5D3 /* Project object */;
			proxyType = 1;
			remoteGlobalIDString = D5CAE4BF2FE925CB005FE5D3;
			remoteInfo = AgileLookingForLove;
		};
/* End PBXContainerItemProxy section */

/* Begin PBXFileReference section */
		D5CAE4C02FE925CB005FE5D3 /* AgileLookingForLove.app */ = {isa = PBXFileReference; explicitFileType = wrapper.application; includeInIndex = 0; path = AgileLookingForLove.app; sourceTree = BUILT_PRODUCTS_DIR; };
		D5CAE4C42FE925CB005FE5D3 /* RealityKitContent */ = {isa = PBXFileReference; lastKnownFileType = wrapper; path = RealityKitContent; sourceTree = "<group>"; };
		D5CAE4D42FE925CD005FE5D3 /* AgileLookingForLoveTests.xctest */ = {isa = PBXFileReference; explicitFileType = wrapper.cfbundle; includeInIndex = 0; path = AgileLookingForLoveTests.xctest; sourceTree = BUILT_PRODUCTS_DIR; };
/* End PBXFileReference section */

/* Begin PBXFileSystemSynchronizedBuildFileExceptionSet section */
		D5CAE4DA2FE925CD005FE5D3 /* Exceptions for "AgileLookingForLove" folder in "AgileLookingForLove" target */ = {
			isa = PBXFileSystemSynchronizedBuildFileExceptionSet;
			membershipExceptions = (
				Info.plist,
			);
			target = D5CAE4BF2FE925CB005FE5D3 /* AgileLookingForLove */;
		};
/* End PBXFileSystemSynchronizedBuildFileExceptionSet section */

/* Begin PBXFileSystemSynchronizedRootGroup section */
		D5CAE4C22FE925CB005FE5D3 /* AgileLookingForLove */ = {
			isa = PBXFileSystemSynchronizedRootGroup;
			exceptions = (
				D5CAE4DA2FE925CD005FE5D3 /* Exceptions for "AgileLookingForLove" folder in "AgileLookingForLove" target */,
			);
			path = AgileLookingForLove;
			sourceTree = "<group>";
		};
		D5CAE4D72FE925CD005FE5D3 /* AgileLookingForLoveTests */ = {
			isa = PBXFileSystemSynchronizedRootGroup;
			path = AgileLookingForLoveTests;
			sourceTree = "<group>";
		};
/* End PBXFileSystemSynchronizedRootGroup section */

/* Begin PBXFrameworksBuildPhase section */
		D5CAE4BD2FE925CB005FE5D3 /* Frameworks */ = {
			isa = PBXFrameworksBuildPhase;
			buildActionMask = 2147483647;
			files = (
				D5CAE4ED2FE927BD005FE5D3 /* ILSFoundation in Frameworks */,
				D5CAE4F32FE927BD005FE5D3 /* ILSSpatialAudio in Frameworks */,
				D5CAE4F52FE927BD005FE5D3 /* ILSSpatialDraw in Frameworks */,
				D5CAE4E92FE927BD005FE5D3 /* ILSDesignSystem in Frameworks */,
				D5CAE4EF2FE927BD005FE5D3 /* ILSHandTracking in Frameworks */,
				D5CAE4EB2FE927BD005FE5D3 /* ILSEngine in Frameworks */,
				D5CAE4C62FE925CB005FE5D3 /* RealityKitContent in Frameworks */,
				D5CAE4F12FE927BD005FE5D3 /* ILSRealityAssets in Frameworks */,
			);
			runOnlyForDeploymentPostprocessing = 0;
		};
		D5CAE4D12FE925CD005FE5D3 /* Frameworks */ = {
			isa = PBXFrameworksBuildPhase;
			buildActionMask = 2147483647;
			files = (
			);
			runOnlyForDeploymentPostprocessing = 0;
		};
/* End PBXFrameworksBuildPhase section */

/* Begin PBXGroup section */
		D5CAE4B72FE925CB005FE5D3 = {
			isa = PBXGroup;
			children = (
				D5CAE4C22FE925CB005FE5D3 /* AgileLookingForLove */,
				D5CAE4C32FE925CB005FE5D3 /* Packages */,
				D5CAE4D72FE925CD005FE5D3 /* AgileLookingForLoveTests */,
				D5CAE4C12FE925CB005FE5D3 /* Products */,
			);
			sourceTree = "<group>";
		};
		D5CAE4C12FE925CB005FE5D3 /* Products */ = {
			isa = PBXGroup;
			children = (
				D5CAE4C02FE925CB005FE5D3 /* AgileLookingForLove.app */,
				D5CAE4D42FE925CD005FE5D3 /* AgileLookingForLoveTests.xctest */,
			);
			name = Products;
			sourceTree = "<group>";
		};
		D5CAE4C32FE925CB005FE5D3 /* Packages */ = {
			isa = PBXGroup;
			children = (
				D5CAE4C42FE925CB005FE5D3 /* RealityKitContent */,
			);
			path = Packages;
			sourceTree = "<group>";
		};
/* End PBXGroup section */

/* Begin PBXNativeTarget section */
		D5CAE4BF2FE925CB005FE5D3 /* AgileLookingForLove */ = {
			isa = PBXNativeTarget;
			buildConfigurationList = D5CAE4DB2FE925CD005FE5D3 /* Build configuration list for PBXNativeTarget "AgileLookingForLove" */;
			buildPhases = (
				D5CAE4BC2FE925CB005FE5D3 /* Sources */,
				D5CAE4BD2FE925CB005FE5D3 /* Frameworks */,
				D5CAE4BE2FE925CB005FE5D3 /* Resources */,
			);
			buildRules = (
			);
			dependencies = (
			);
			fileSystemSynchronizedGroups = (
				D5CAE4C22FE925CB005FE5D3 /* AgileLookingForLove */,
			);
			name = AgileLookingForLove;
			packageProductDependencies = (
				D5CAE4C52FE925CB005FE5D3 /* RealityKitContent */,
				D5CAE4E82FE927BD005FE5D3 /* ILSDesignSystem */,
				D5CAE4EA2FE927BD005FE5D3 /* ILSEngine */,
				D5CAE4EC2FE927BD005FE5D3 /* ILSFoundation */,
				D5CAE4EE2FE927BD005FE5D3 /* ILSHandTracking */,
				D5CAE4F02FE927BD005FE5D3 /* ILSRealityAssets */,
				D5CAE4F22FE927BD005FE5D3 /* ILSSpatialAudio */,
				D5CAE4F42FE927BD005FE5D3 /* ILSSpatialDraw */,
			);
			productName = AgileLookingForLove;
			productReference = D5CAE4C02FE925CB005FE5D3 /* AgileLookingForLove.app */;
			productType = "com.apple.product-type.application";
		};
		D5CAE4D32FE925CD005FE5D3 /* AgileLookingForLoveTests */ = {
			isa = PBXNativeTarget;
			buildConfigurationList = D5CAE4E02FE925CD005FE5D3 /* Build configuration list for PBXNativeTarget "AgileLookingForLoveTests" */;
			buildPhases = (
				D5CAE4D02FE925CD005FE5D3 /* Sources */,
				D5CAE4D12FE925CD005FE5D3 /* Frameworks */,
				D5CAE4D22FE925CD005FE5D3 /* Resources */,
			);
			buildRules = (
			);
			dependencies = (
				D5CAE4D62FE925CD005FE5D3 /* PBXTargetDependency */,
			);
			fileSystemSynchronizedGroups = (
				D5CAE4D72FE925CD005FE5D3 /* AgileLookingForLoveTests */,
			);
			name = AgileLookingForLoveTests;
			packageProductDependencies = (
			);
			productName = AgileLookingForLoveTests;
			productReference = D5CAE4D42FE925CD005FE5D3 /* AgileLookingForLoveTests.xctest */;
			productType = "com.apple.product-type.bundle.unit-test";
		};
/* End PBXNativeTarget section */

/* Begin PBXProject section */
		D5CAE4B82FE925CB005FE5D3 /* Project object */ = {
			isa = PBXProject;
			attributes = {
				BuildIndependentTargetsInParallel = 1;
				LastSwiftUpdateCheck = 2650;
				LastUpgradeCheck = 2650;
				TargetAttributes = {
					D5CAE4BF2FE925CB005FE5D3 = {
						CreatedOnToolsVersion = 26.5;
					};
					D5CAE4D32FE925CD005FE5D3 = {
						CreatedOnToolsVersion = 26.5;
						TestTargetID = D5CAE4BF2FE925CB005FE5D3;
					};
				};
			};
			buildConfigurationList = D5CAE4BB2FE925CB005FE5D3 /* Build configuration list for PBXProject "AgileLookingForLove" */;
			developmentRegion = en;
			hasScannedForEncodings = 0;
			knownRegions = (
				en,
				Base,
			);
			mainGroup = D5CAE4B72FE925CB005FE5D3;
			minimizedProjectReferenceProxies = 1;
			packageReferences = (
				D5CAE4E72FE927BD005FE5D3 /* XCRemoteSwiftPackageReference "ILSpatial" */,
			);
			preferredProjectObjectVersion = 77;
			productRefGroup = D5CAE4C12FE925CB005FE5D3 /* Products */;
			projectDirPath = "";
			projectRoot = "";
			targets = (
				D5CAE4BF2FE925CB005FE5D3 /* AgileLookingForLove */,
				D5CAE4D32FE925CD005FE5D3 /* AgileLookingForLoveTests */,
			);
		};
/* End PBXProject section */

/* Begin PBXResourcesBuildPhase section */
		D5CAE4BE2FE925CB005FE5D3 /* Resources */ = {
			isa = PBXResourcesBuildPhase;
			buildActionMask = 2147483647;
			files = (
			);
			runOnlyForDeploymentPostprocessing = 0;
		};
		D5CAE4D22FE925CD005FE5D3 /* Resources */ = {
			isa = PBXResourcesBuildPhase;
			buildActionMask = 2147483647;
			files = (
			);
			runOnlyForDeploymentPostprocessing = 0;
		};
/* End PBXResourcesBuildPhase section */

/* Begin PBXSourcesBuildPhase section */
		D5CAE4BC2FE925CB005FE5D3 /* Sources */ = {
			isa = PBXSourcesBuildPhase;
			buildActionMask = 2147483647;
			files = (
			);
			runOnlyForDeploymentPostprocessing = 0;
		};
		D5CAE4D02FE925CD005FE5D3 /* Sources */ = {
			isa = PBXSourcesBuildPhase;
			buildActionMask = 2147483647;
			files = (
			);
			runOnlyForDeploymentPostprocessing = 0;
		};
/* End PBXSourcesBuildPhase section */

/* Begin PBXTargetDependency section */
		D5CAE4D62FE925CD005FE5D3 /* PBXTargetDependency */ = {
			isa = PBXTargetDependency;
			target = D5CAE4BF2FE925CB005FE5D3 /* AgileLookingForLove */;
			targetProxy = D5CAE4D52FE925CD005FE5D3 /* PBXContainerItemProxy */;
		};
/* End PBXTargetDependency section */

/* Begin XCBuildConfiguration section */
		D5CAE4DC2FE925CD005FE5D3 /* Debug */ = {
			isa = XCBuildConfiguration;
			buildSettings = {
				ASSETCATALOG_COMPILER_APPICON_NAME = AppIcon;
				ASSETCATALOG_COMPILER_GLOBAL_ACCENT_COLOR_NAME = AccentColor;
				CODE_SIGN_STYLE = Automatic;
				CURRENT_PROJECT_VERSION = 1;
				DEVELOPMENT_TEAM = S8QWSSL8FP;
				ENABLE_PREVIEWS = YES;
				GENERATE_INFOPLIST_FILE = YES;
				INFOPLIST_FILE = "$(TARGET_NAME)/Info.plist";
				INFOPLIST_KEY_CFBundleDisplayName = "Agile for Love";
				INFOPLIST_KEY_NSHandsTrackingUsageDescription = "Used to draw red threads between entities in game";
				INFOPLIST_KEY_NSWorldSensingUsageDescription = "Ised to detect plane and spawn minion";
				LD_RUNPATH_SEARCH_PATHS = (
					"$(inherited)",
					"@executable_path/Frameworks",
				);
				MARKETING_VERSION = 1.0;
				PRODUCT_BUNDLE_IDENTIFIER = com.benzab.AgileLookingForLove;
				PRODUCT_NAME = "$(TARGET_NAME)";
				STRING_CATALOG_GENERATE_SYMBOLS = YES;
				SUPPORTED_PLATFORMS = "xros xrsimulator";
				SWIFT_APPROACHABLE_CONCURRENCY = YES;
				SWIFT_DEFAULT_ACTOR_ISOLATION = MainActor;
				SWIFT_EMIT_LOC_STRINGS = YES;
				SWIFT_UPCOMING_FEATURE_MEMBER_IMPORT_VISIBILITY = YES;
				SWIFT_VERSION = 5.0;
				TARGETED_DEVICE_FAMILY = 7;
				XROS_DEPLOYMENT_TARGET = 26;
			};
			name = Debug;
		};
		D5CAE4DD2FE925CD005FE5D3 /* Release */ = {
			isa = XCBuildConfiguration;
			buildSettings = {
				ASSETCATALOG_COMPILER_APPICON_NAME = AppIcon;
				ASSETCATALOG_COMPILER_GLOBAL_ACCENT_COLOR_NAME = AccentColor;
				CODE_SIGN_STYLE = Automatic;
				CURRENT_PROJECT_VERSION = 1;
				DEVELOPMENT_TEAM = S8QWSSL8FP;
				ENABLE_PREVIEWS = YES;
				GENERATE_INFOPLIST_FILE = YES;
				INFOPLIST_FILE = "$(TARGET_NAME)/Info.plist";
				INFOPLIST_KEY_CFBundleDisplayName = "Agile for Love";
				INFOPLIST_KEY_NSHandsTrackingUsageDescription = "Used to draw red threads between entities in game";
				INFOPLIST_KEY_NSWorldSensingUsageDescription = "Ised to detect plane and spawn minion";
				LD_RUNPATH_SEARCH_PATHS = (
					"$(inherited)",
					"@executable_path/Frameworks",
				);
				MARKETING_VERSION = 1.0;
				PRODUCT_BUNDLE_IDENTIFIER = com.benzab.AgileLookingForLove;
				PRODUCT_NAME = "$(TARGET_NAME)";
				STRING_CATALOG_GENERATE_SYMBOLS = YES;
				SUPPORTED_PLATFORMS = "xros xrsimulator";
				SWIFT_APPROACHABLE_CONCURRENCY = YES;
				SWIFT_DEFAULT_ACTOR_ISOLATION = MainActor;
				SWIFT_EMIT_LOC_STRINGS = YES;
				SWIFT_UPCOMING_FEATURE_MEMBER_IMPORT_VISIBILITY = YES;
				SWIFT_VERSION = 5.0;
				TARGETED_DEVICE_FAMILY = 7;
				XROS_DEPLOYMENT_TARGET = 26;
			};
			name = Release;
		};
		D5CAE4DE2FE925CD005FE5D3 /* Debug */ = {
			isa = XCBuildConfiguration;
			buildSettings = {
				ALWAYS_SEARCH_USER_PATHS = NO;
				ASSETCATALOG_COMPILER_GENERATE_SWIFT_ASSET_SYMBOL_EXTENSIONS = YES;
				CLANG_ANALYZER_NONNULL = YES;
				CLANG_ANALYZER_NUMBER_OBJECT_CONVERSION = YES_AGGRESSIVE;
				CLANG_CXX_LANGUAGE_STANDARD = "gnu++20";
				CLANG_ENABLE_MODULES = YES;
				CLANG_ENABLE_OBJC_ARC = YES;
				CLANG_ENABLE_OBJC_WEAK = YES;
				CLANG_WARN_BLOCK_CAPTURE_AUTORELEASING = YES;
				CLANG_WARN_BOOL_CONVERSION = YES;
				CLANG_WARN_COMMA = YES;
				CLANG_WARN_CONSTANT_CONVERSION = YES;
				CLANG_WARN_DEPRECATED_OBJC_IMPLEMENTATIONS = YES;
				CLANG_WARN_DIRECT_OBJC_ISA_USAGE = YES_ERROR;
				CLANG_WARN_DOCUMENTATION_COMMENTS = YES;
				CLANG_WARN_EMPTY_BODY = YES;
				CLANG_WARN_ENUM_CONVERSION = YES;
				CLANG_WARN_INFINITE_RECURSION = YES;
				CLANG_WARN_INT_CONVERSION = YES;
				CLANG_WARN_NON_LITERAL_NULL_CONVERSION = YES;
				CLANG_WARN_OBJC_IMPLICIT_RETAIN_SELF = YES;
				CLANG_WARN_OBJC_LITERAL_CONVERSION = YES;
				CLANG_WARN_OBJC_ROOT_CLASS = YES_ERROR;
				CLANG_WARN_QUOTED_INCLUDE_IN_FRAMEWORK_HEADER = YES;
				CLANG_WARN_RANGE_LOOP_ANALYSIS = YES;
				CLANG_WARN_STRICT_PROTOTYPES = YES;
				CLANG_WARN_SUSPICIOUS_MOVE = YES;
				CLANG_WARN_UNGUARDED_AVAILABILITY = YES_AGGRESSIVE;
				CLANG_WARN_UNREACHABLE_CODE = YES;
				CLANG_WARN__DUPLICATE_METHOD_MATCH = YES;
				COPY_PHASE_STRIP = NO;
				DEBUG_INFORMATION_FORMAT = dwarf;
				DEVELOPMENT_TEAM = GA9D429QL3;
				ENABLE_STRICT_OBJC_MSGSEND = YES;
				ENABLE_TESTABILITY = YES;
				ENABLE_USER_SCRIPT_SANDBOXING = YES;
				GCC_C_LANGUAGE_STANDARD = gnu17;
				GCC_DYNAMIC_NO_PIC = NO;
				GCC_NO_COMMON_BLOCKS = YES;
				GCC_OPTIMIZATION_LEVEL = 0;
				GCC_PREPROCESSOR_DEFINITIONS = (
					"DEBUG=1",
					"$(inherited)",
				);
				GCC_WARN_64_TO_32_BIT_CONVERSION = YES;
				GCC_WARN_ABOUT_RETURN_TYPE = YES_ERROR;
				GCC_WARN_UNDECLARED_SELECTOR = YES;
				GCC_WARN_UNINITIALIZED_AUTOS = YES_AGGRESSIVE;
				GCC_WARN_UNUSED_FUNCTION = YES;
				GCC_WARN_UNUSED_VARIABLE = YES;
				LOCALIZATION_PREFERS_STRING_CATALOGS = YES;
				MTL_ENABLE_DEBUG_INFO = INCLUDE_SOURCE;
				MTL_FAST_MATH = YES;
				ONLY_ACTIVE_ARCH = YES;
				SDKROOT = xros;
				SWIFT_ACTIVE_COMPILATION_CONDITIONS = "DEBUG $(inherited)";
				SWIFT_OPTIMIZATION_LEVEL = "-Onone";
				XROS_DEPLOYMENT_TARGET = 26.5;
			};
			name = Debug;
		};
		D5CAE4DF2FE925CD005FE5D3 /* Release */ = {
			isa = XCBuildConfiguration;
			buildSettings = {
				ALWAYS_SEARCH_USER_PATHS = NO;
				ASSETCATALOG_COMPILER_GENERATE_SWIFT_ASSET_SYMBOL_EXTENSIONS = YES;
				CLANG_ANALYZER_NONNULL = YES;
				CLANG_ANALYZER_NUMBER_OBJECT_CONVERSION = YES_AGGRESSIVE;
				CLANG_CXX_LANGUAGE_STANDARD = "gnu++20";
				CLANG_ENABLE_MODULES = YES;
				CLANG_ENABLE_OBJC_ARC = YES;
				CLANG_ENABLE_OBJC_WEAK = YES;
				CLANG_WARN_BLOCK_CAPTURE_AUTORELEASING = YES;
				CLANG_WARN_BOOL_CONVERSION = YES;
				CLANG_WARN_COMMA = YES;
				CLANG_WARN_CONSTANT_CONVERSION = YES;
				CLANG_WARN_DEPRECATED_OBJC_IMPLEMENTATIONS = YES;
				CLANG_WARN_DIRECT_OBJC_ISA_USAGE = YES_ERROR;
				CLANG_WARN_DOCUMENTATION_COMMENTS = YES;
				CLANG_WARN_EMPTY_BODY = YES;
				CLANG_WARN_ENUM_CONVERSION = YES;
				CLANG_WARN_INFINITE_RECURSION = YES;
				CLANG_WARN_INT_CONVERSION = YES;
				CLANG_WARN_NON_LITERAL_NULL_CONVERSION = YES;
				CLANG_WARN_OBJC_IMPLICIT_RETAIN_SELF = YES;
				CLANG_WARN_OBJC_LITERAL_CONVERSION = YES;
				CLANG_WARN_OBJC_ROOT_CLASS = YES_ERROR;
				CLANG_WARN_QUOTED_INCLUDE_IN_FRAMEWORK_HEADER = YES;
				CLANG_WARN_RANGE_LOOP_ANALYSIS = YES;
				CLANG_WARN_STRICT_PROTOTYPES = YES;
				CLANG_WARN_SUSPICIOUS_MOVE = YES;
				CLANG_WARN_UNGUARDED_AVAILABILITY = YES_AGGRESSIVE;
				CLANG_WARN_UNREACHABLE_CODE = YES;
				CLANG_WARN__DUPLICATE_METHOD_MATCH = YES;
				COPY_PHASE_STRIP = NO;
				DEBUG_INFORMATION_FORMAT = "dwarf-with-dsym";
				DEVELOPMENT_TEAM = GA9D429QL3;
				ENABLE_NS_ASSERTIONS = NO;
				ENABLE_STRICT_OBJC_MSGSEND = YES;
				ENABLE_USER_SCRIPT_SANDBOXING = YES;
				GCC_C_LANGUAGE_STANDARD = gnu17;
				GCC_NO_COMMON_BLOCKS = YES;
				GCC_WARN_64_TO_32_BIT_CONVERSION = YES;
				GCC_WARN_ABOUT_RETURN_TYPE = YES_ERROR;
				GCC_WARN_UNDECLARED_SELECTOR = YES;
				GCC_WARN_UNINITIALIZED_AUTOS = YES_AGGRESSIVE;
				GCC_WARN_UNUSED_FUNCTION = YES;
				GCC_WARN_UNUSED_VARIABLE = YES;
				LOCALIZATION_PREFERS_STRING_CATALOGS = YES;
				MTL_ENABLE_DEBUG_INFO = NO;
				MTL_FAST_MATH = YES;
				SDKROOT = xros;
				SWIFT_COMPILATION_MODE = wholemodule;
				VALIDATE_PRODUCT = YES;
				XROS_DEPLOYMENT_TARGET = 26.5;
			};
			name = Release;
		};
		D5CAE4E12FE925CD005FE5D3 /* Debug */ = {
			isa = XCBuildConfiguration;
			buildSettings = {
				BUNDLE_LOADER = "$(TEST_HOST)";
				CODE_SIGN_STYLE = Automatic;
				CURRENT_PROJECT_VERSION = 1;
				DEVELOPMENT_TEAM = GA9D429QL3;
				GENERATE_INFOPLIST_FILE = YES;
				MARKETING_VERSION = 1.0;
				PRODUCT_BUNDLE_IDENTIFIER = com.benzab.AgileLookingForLoveTests;
				PRODUCT_NAME = "$(TARGET_NAME)";
				STRING_CATALOG_GENERATE_SYMBOLS = NO;
				SUPPORTED_PLATFORMS = "xros xrsimulator";
				SWIFT_APPROACHABLE_CONCURRENCY = YES;
				SWIFT_EMIT_LOC_STRINGS = NO;
				SWIFT_UPCOMING_FEATURE_MEMBER_IMPORT_VISIBILITY = YES;
				SWIFT_VERSION = 5.0;
				TARGETED_DEVICE_FAMILY = 7;
				TEST_HOST = "$(BUILT_PRODUCTS_DIR)/AgileLookingForLove.app/$(BUNDLE_EXECUTABLE_FOLDER_PATH)/AgileLookingForLove";
				XROS_DEPLOYMENT_TARGET = 26.5;
			};
			name = Debug;
		};
		D5CAE4E22FE925CD005FE5D3 /* Release */ = {
			isa = XCBuildConfiguration;
			buildSettings = {
				BUNDLE_LOADER = "$(TEST_HOST)";
				CODE_SIGN_STYLE = Automatic;
				CURRENT_PROJECT_VERSION = 1;
				DEVELOPMENT_TEAM = GA9D429QL3;
				GENERATE_INFOPLIST_FILE = YES;
				MARKETING_VERSION = 1.0;
				PRODUCT_BUNDLE_IDENTIFIER = com.benzab.AgileLookingForLoveTests;
				PRODUCT_NAME = "$(TARGET_NAME)";
				STRING_CATALOG_GENERATE_SYMBOLS = NO;
				SUPPORTED_PLATFORMS = "xros xrsimulator";
				SWIFT_APPROACHABLE_CONCURRENCY = YES;
				SWIFT_EMIT_LOC_STRINGS = NO;
				SWIFT_UPCOMING_FEATURE_MEMBER_IMPORT_VISIBILITY = YES;
				SWIFT_VERSION = 5.0;
				TARGETED_DEVICE_FAMILY = 7;
				TEST_HOST = "$(BUILT_PRODUCTS_DIR)/AgileLookingForLove.app/$(BUNDLE_EXECUTABLE_FOLDER_PATH)/AgileLookingForLove";
				XROS_DEPLOYMENT_TARGET = 26.5;
			};
			name = Release;
		};
/* End XCBuildConfiguration section */

/* Begin XCConfigurationList section */
		D5CAE4BB2FE925CB005FE5D3 /* Build configuration list for PBXProject "AgileLookingForLove" */ = {
			isa = XCConfigurationList;
			buildConfigurations = (
				D5CAE4DE2FE925CD005FE5D3 /* Debug */,
				D5CAE4DF2FE925CD005FE5D3 /* Release */,
			);
			defaultConfigurationIsVisible = 0;
			defaultConfigurationName = Release;
		};
		D5CAE4DB2FE925CD005FE5D3 /* Build configuration list for PBXNativeTarget "AgileLookingForLove" */ = {
			isa = XCConfigurationList;
			buildConfigurations = (
				D5CAE4DC2FE925CD005FE5D3 /* Debug */,
				D5CAE4DD2FE925CD005FE5D3 /* Release */,
			);
			defaultConfigurationIsVisible = 0;
			defaultConfigurationName = Release;
		};
		D5CAE4E02FE925CD005FE5D3 /* Build configuration list for PBXNativeTarget "AgileLookingForLoveTests" */ = {
			isa = XCConfigurationList;
			buildConfigurations = (
				D5CAE4E12FE925CD005FE5D3 /* Debug */,
				D5CAE4E22FE925CD005FE5D3 /* Release */,
			);
			defaultConfigurationIsVisible = 0;
			defaultConfigurationName = Release;
		};
/* End XCConfigurationList section */

/* Begin XCRemoteSwiftPackageReference section */
		D5CAE4E72FE927BD005FE5D3 /* XCRemoteSwiftPackageReference "ILSpatial" */ = {
			isa = XCRemoteSwiftPackageReference;
			repositoryURL = "https://github.com/ratafani/ILSpatial.git";
			requirement = {
				branch = main;
				kind = branch;
			};
		};
/* End XCRemoteSwiftPackageReference section */

/* Begin XCSwiftPackageProductDependency section */
		D5CAE4C52FE925CB005FE5D3 /* RealityKitContent */ = {
			isa = XCSwiftPackageProductDependency;
			productName = RealityKitContent;
		};
		D5CAE4E82FE927BD005FE5D3 /* ILSDesignSystem */ = {
			isa = XCSwiftPackageProductDependency;
			package = D5CAE4E72FE927BD005FE5D3 /* XCRemoteSwiftPackageReference "ILSpatial" */;
			productName = ILSDesignSystem;
		};
		D5CAE4EA2FE927BD005FE5D3 /* ILSEngine */ = {
			isa = XCSwiftPackageProductDependency;
			package = D5CAE4E72FE927BD005FE5D3 /* XCRemoteSwiftPackageReference "ILSpatial" */;
			productName = ILSEngine;
		};
		D5CAE4EC2FE927BD005FE5D3 /* ILSFoundation */ = {
			isa = XCSwiftPackageProductDependency;
			package = D5CAE4E72FE927BD005FE5D3 /* XCRemoteSwiftPackageReference "ILSpatial" */;
			productName = ILSFoundation;
		};
		D5CAE4EE2FE927BD005FE5D3 /* ILSHandTracking */ = {
			isa = XCSwiftPackageProductDependency;
			package = D5CAE4E72FE927BD005FE5D3 /* XCRemoteSwiftPackageReference "ILSpatial" */;
			productName = ILSHandTracking;
		};
		D5CAE4F02FE927BD005FE5D3 /* ILSRealityAssets */ = {
			isa = XCSwiftPackageProductDependency;
			package = D5CAE4E72FE927BD005FE5D3 /* XCRemoteSwiftPackageReference "ILSpatial" */;
			productName = ILSRealityAssets;
		};
		D5CAE4F22FE927BD005FE5D3 /* ILSSpatialAudio */ = {
			isa = XCSwiftPackageProductDependency;
			package = D5CAE4E72FE927BD005FE5D3 /* XCRemoteSwiftPackageReference "ILSpatial" */;
			productName = ILSSpatialAudio;
		};
		D5CAE4F42FE927BD005FE5D3 /* ILSSpatialDraw */ = {
			isa = XCSwiftPackageProductDependency;
			package = D5CAE4E72FE927BD005FE5D3 /* XCRemoteSwiftPackageReference "ILSpatial" */;
			productName = ILSSpatialDraw;
		};
/* End XCSwiftPackageProductDependency section */
	};
	rootObject = D5CAE4B82FE925CB005FE5D3 /* Project object */;
}
